
Microsoft Visual Studio Solution File, Format Version 12.00
# Visual Studio 15
VisualStudioVersion = 15.0.26124.0
MinimumVisualStudioVersion = 15.0.26124.0
Project("{9A19103F-16F7-4668-BE54-9A1E7A4F7556}") = "R5T.Borgue.Database.Construction", "R5T.Borgue.Database.Construction\R5T.Borgue.Database.Construction.csproj", "{B09DCD76-525B-417F-96EC-ADFD8637E8AB}"
EndProject
Project("{9A19103F-16F7-4668-BE54-9A1E7A4F7556}") = "R5T.Borgue.Database", "R5T.Borgue.Database\R5T.Borgue.Database.csproj", "{7DA8A892-B8BA-4D81-AA7E-88E9C85C99A1}"
EndProject
Project("{9A19103F-16F7-4668-BE54-9A1E7A4F7556}") = "R5T.Borgue.Database.Testing", "R5T.Borgue.Database.Testing\R5T.Borgue.Database.Testing.csproj", "{1DD87595-EC65-4092-9228-E4A00F4C93F6}"
EndProject
Project("{2150E333-8FDC-42A3-9474-1A3956D46DE8}") = "_Dependencies", "_Dependencies", "{ABECD63C-B010-45D6-BB66-3DA829937060}"
EndProject
Project("{9A19103F-16F7-4668-BE54-9A1E7A4F7556}") = "R5T.Venetia", "..\..\R5T.Venetia\source\R5T.Venetia\R5T.Venetia.csproj", "{21753738-CDBF-4BCB-BE60-7AC685751159}"
EndProject
Project("{9A19103F-16F7-4668-BE54-9A1E7A4F7556}") = "R5T.Dacia", "..\..\R5T.Dacia\source\R5T.Dacia\R5T.Dacia.csproj", "{40DF0E5A-3D59-446C-BAAB-27F7AE47F7F8}"
EndProject
Project("{9A19103F-16F7-4668-BE54-9A1E7A4F7556}") = "R5T.Borgue.Base", "..\..\R5T.Borgue.Base\source\R5T.Borgue.Base\R5T.Borgue.Base.csproj", "{400FCD14-90D4-4AC1-B994-03355512AF0F}"
EndProject
Project("{9A19103F-16F7-4668-BE54-9A1E7A4F7556}") = "R5T.Corcyra", "..\..\R5T.Corcyra\source\R5T.Corcyra\R5T.Corcyra.csproj", "{92DF7FFF-8802-40EC-B71C-979EA89D7961}"
EndProject
Project("{9A19103F-16F7-4668-BE54-9A1E7A4F7556}") = "R5T.Guide", "..\..\R5T.Guide\source\R5T.Guide\R5T.Guide.csproj", "{9A646A85-4340-4AC2-BB11-443115E90299}"
EndProject
Project("{9A19103F-16F7-4668-BE54-9A1E7A4F7556}") = "R5T.Fennia", "..\..\R5T.Fennia\source\R5T.Fennia\R5T.Fennia.csproj", "{94E4A23C-5010-4136-A150-E99A45AC958F}"
EndProject
Project("{9A19103F-16F7-4668-BE54-9A1E7A4F7556}") = "R5T.Stagira", "..\..\R5T.Stagira\source\R5T.Stagira\R5T.Stagira.csproj", "{5C6FDD8C-B500-4AD0-8E46-19E30C687948}"
EndProject
Project("{9A19103F-16F7-4668-BE54-9A1E7A4F7556}") = "R5T.Magyar", "..\..\R5T.Magyar\source\R5T.Magyar\R5T.Magyar.csproj", "{4E0E10B3-2A50-49B8-A9EA-BEC4EBAB9E09}"
EndProject
Project("{9A19103F-16F7-4668-BE54-9A1E7A4F7556}") = "R5T.T0064", "..\..\R5T.T0064\source\R5T.T0064\R5T.T0064.csproj", "{3CB52785-564C-49E3-B797-CA2748D9E83F}"
EndProject
Project("{9A19103F-16F7-4668-BE54-9A1E7A4F7556}") = "R5T.Newport", "..\..\R5T.Newport\source\R5T.Newport\R5T.Newport.csproj", "{98DF960C-7C58-4AD7-86A8-A12779A74847}"
EndProject
Project("{9A19103F-16F7-4668-BE54-9A1E7A4F7556}") = "R5T.Venetia.Extensions", "..\..\R5T.Venetia.Extensions\source\R5T.Venetia.Extensions\R5T.Venetia.Extensions.csproj", "{86D2C576-B891-4A50-8B97-C8CD69808F30}"
EndProject
Project("{9A19103F-16F7-4668-BE54-9A1E7A4F7556}") = "R5T.Dacia.Extensions", "..\..\R5T.Dacia.Extensions\source\R5T.Dacia.Extensions\R5T.Dacia.Extensions.csproj", "{13F7E466-FB98-4ED7-BEE5-4779DDA83E4A}"
EndProject
Project("{9A19103F-16F7-4668-BE54-9A1E7A4F7556}") = "R5T.Lincoln.Base", "..\..\R5T.Lincoln.Base\source\R5T.Lincoln.Base\R5T.Lincoln.Base.csproj", "{85C4900D-22B3-4BF8-A651-6BFF100B7364}"
EndProject
Global
	GlobalSection(SolutionConfigurationPlatforms) = preSolution
		Debug|Any CPU = Debug|Any CPU
		Debug|x64 = Debug|x64
		Debug|x86 = Debug|x86
		Release|Any CPU = Release|Any CPU
		Release|x64 = Release|x64
		Release|x86 = Release|x86
	EndGlobalSection
	GlobalSection(ProjectConfigurationPlatforms) = postSolution
		{B09DCD76-525B-417F-96EC-ADFD8637E8AB}.Debug|Any CPU.ActiveCfg = Debug|Any CPU
		{B09DCD76-525B-417F-96EC-ADFD8637E8AB}.Debug|Any CPU.Build.0 = Debug|Any CPU
		{B09DCD76-525B-417F-96EC-ADFD8637E8AB}.Debug|x64.ActiveCfg = Debug|Any CPU
		{B09DCD76-525B-417F-96EC-ADFD8637E8AB}.Debug|x64.Build.0 = Debug|Any CPU
		{B09DCD76-525B-417F-96EC-ADFD8637E8AB}.Debug|x86.ActiveCfg = Debug|Any CPU
		{B09DCD76-525B-417F-96EC-ADFD8637E8AB}.Debug|x86.Build.0 = Debug|Any CPU
		{B09DCD76-525B-417F-96EC-ADFD8637E8AB}.Release|Any CPU.ActiveCfg = Release|Any CPU
		{B09DCD76-525B-417F-96EC-ADFD8637E8AB}.Release|Any CPU.Build.0 = Release|Any CPU
		{B09DCD76-525B-417F-96EC-ADFD8637E8AB}.Release|x64.ActiveCfg = Release|Any CPU
		{B09DCD76-525B-417F-96EC-ADFD8637E8AB}.Release|x64.Build.0 = Release|Any CPU
		{B09DCD76-525B-417F-96EC-ADFD8637E8AB}.Release|x86.ActiveCfg = Release|Any CPU
		{B09DCD76-525B-417F-96EC-ADFD8637E8AB}.Release|x86.Build.0 = Release|Any CPU
		{7DA8A892-B8BA-4D81-AA7E-88E9C85C99A1}.Debug|Any CPU.ActiveCfg = Debug|Any CPU
		{7DA8A892-B8BA-4D81-AA7E-88E9C85C99A1}.Debug|Any CPU.Build.0 = Debug|Any CPU
		{7DA8A892-B8BA-4D81-AA7E-88E9C85C99A1}.Debug|x64.ActiveCfg = Debug|Any CPU
		{7DA8A892-B8BA-4D81-AA7E-88E9C85C99A1}.Debug|x64.Build.0 = Debug|Any CPU
		{7DA8A892-B8BA-4D81-AA7E-88E9C85C99A1}.Debug|x86.ActiveCfg = Debug|Any CPU
		{7DA8A892-B8BA-4D81-AA7E-88E9C85C99A1}.Debug|x86.Build.0 = Debug|Any CPU
		{7DA8A892-B8BA-4D81-AA7E-88E9C85C99A1}.Release|Any CPU.ActiveCfg = Release|Any CPU
		{7DA8A892-B8BA-4D81-AA7E-88E9C85C99A1}.Release|Any CPU.Build.0 = Release|Any CPU
		{7DA8A892-B8BA-4D81-AA7E-88E9C85C99A1}.Release|x64.ActiveCfg = Release|Any CPU
		{7DA8A892-B8BA-4D81-AA7E-88E9C85C99A1}.Release|x64.Build.0 = Release|Any CPU
		{7DA8A892-B8BA-4D81-AA7E-88E9C85C99A1}.Release|x86.ActiveCfg = Release|Any CPU
		{7DA8A892-B8BA-4D81-AA7E-88E9C85C99A1}.Release|x86.Build.0 = Release|Any CPU
		{1DD87595-EC65-4092-9228-E4A00F4C93F6}.Debug|Any CPU.ActiveCfg = Debug|Any CPU
		{1DD87595-EC65-4092-9228-E4A00F4C93F6}.Debug|Any CPU.Build.0 = Debug|Any CPU
		{1DD87595-EC65-4092-9228-E4A00F4C93F6}.Debug|x64.ActiveCfg = Debug|Any CPU
		{1DD87595-EC65-4092-9228-E4A00F4C93F6}.Debug|x64.Build.0 = Debug|Any CPU
		{1DD87595-EC65-4092-9228-E4A00F4C93F6}.Debug|x86.ActiveCfg = Debug|Any CPU
		{1DD87595-EC65-4092-9228-E4A00F4C93F6}.Debug|x86.Build.0 = Debug|Any CPU
		{1DD87595-EC65-4092-9228-E4A00F4C93F6}.Release|Any CPU.ActiveCfg = Release|Any CPU
		{1DD87595-EC65-4092-9228-E4A00F4C93F6}.Release|Any CPU.Build.0 = Release|Any CPU
		{1DD87595-EC65-4092-9228-E4A00F4C93F6}.Release|x64.ActiveCfg = Release|Any CPU
		{1DD87595-EC65-4092-9228-E4A00F4C93F6}.Release|x64.Build.0 = Release|Any CPU
		{1DD87595-EC65-4092-9228-E4A00F4C93F6}.Release|x86.ActiveCfg = Release|Any CPU
		{1DD87595-EC65-4092-9228-E4A00F4C93F6}.Release|x86.Build.0 = Release|Any CPU
		{21753738-CDBF-4BCB-BE60-7AC685751159}.Debug|Any CPU.ActiveCfg = Debug|Any CPU
		{21753738-CDBF-4BCB-BE60-7AC685751159}.Debug|Any CPU.Build.0 = Debug|Any CPU
		{21753738-CDBF-4BCB-BE60-7AC685751159}.Debug|x64.ActiveCfg = Debug|Any CPU
		{21753738-CDBF-4BCB-BE60-7AC685751159}.Debug|x64.Build.0 = Debug|Any CPU
		{21753738-CDBF-4BCB-BE60-7AC685751159}.Debug|x86.ActiveCfg = Debug|Any CPU
		{21753738-CDBF-4BCB-BE60-7AC685751159}.Debug|x86.Build.0 = Debug|Any CPU
		{21753738-CDBF-4BCB-BE60-7AC685751159}.Release|Any CPU.ActiveCfg = Release|Any CPU
		{21753738-CDBF-4BCB-BE60-7AC685751159}.Release|Any CPU.Build.0 = Release|Any CPU
		{21753738-CDBF-4BCB-BE60-7AC685751159}.Release|x64.ActiveCfg = Release|Any CPU
		{21753738-CDBF-4BCB-BE60-7AC685751159}.Release|x64.Build.0 = Release|Any CPU
		{21753738-CDBF-4BCB-BE60-7AC685751159}.Release|x86.ActiveCfg = Release|Any CPU
		{21753738-CDBF-4BCB-BE60-7AC685751159}.Release|x86.Build.0 = Release|Any CPU
		{40DF0E5A-3D59-446C-BAAB-27F7AE47F7F8}.Debug|Any CPU.ActiveCfg = Debug|Any CPU
		{40DF0E5A-3D59-446C-BAAB-27F7AE47F7F8}.Debug|Any CPU.Build.0 = Debug|Any CPU
		{40DF0E5A-3D59-446C-BAAB-27F7AE47F7F8}.Debug|x64.ActiveCfg = Debug|Any CPU
		{40DF0E5A-3D59-446C-BAAB-27F7AE47F7F8}.Debug|x64.Build.0 = Debug|Any CPU
		{40DF0E5A-3D59-446C-BAAB-27F7AE47F7F8}.Debug|x86.ActiveCfg = Debug|Any CPU
		{40DF0E5A-3D59-446C-BAAB-27F7AE47F7F8}.Debug|x86.Build.0 = Debug|Any CPU
		{40DF0E5A-3D59-446C-BAAB-27F7AE47F7F8}.Release|Any CPU.ActiveCfg = Release|Any CPU
		{40DF0E5A-3D59-446C-BAAB-27F7AE47F7F8}.Release|Any CPU.Build.0 = Release|Any CPU
		{40DF0E5A-3D59-446C-BAAB-27F7AE47F7F8}.Release|x64.ActiveCfg = Release|Any CPU
		{40DF0E5A-3D59-446C-BAAB-27F7AE47F7F8}.Release|x64.Build.0 = Release|Any CPU
		{40DF0E5A-3D59-446C-BAAB-27F7AE47F7F8}.Release|x86.ActiveCfg = Release|Any CPU
		{40DF0E5A-3D59-446C-BAAB-27F7AE47F7F8}.Release|x86.Build.0 = Release|Any CPU
		{400FCD14-90D4-4AC1-B994-03355512AF0F}.Debug|Any CPU.ActiveCfg = Debug|Any CPU
		{400FCD14-90D4-4AC1-B994-03355512AF0F}.Debug|Any CPU.Build.0 = Debug|Any CPU
		{400FCD14-90D4-4AC1-B994-03355512AF0F}.Debug|x64.ActiveCfg = Debug|Any CPU
		{400FCD14-90D4-4AC1-B994-03355512AF0F}.Debug|x64.Build.0 = Debug|Any CPU
		{400FCD14-90D4-4AC1-B994-03355512AF0F}.Debug|x86.ActiveCfg = Debug|Any CPU
		{400FCD14-90D4-4AC1-B994-03355512AF0F}.Debug|x86.Build.0 = Debug|Any CPU
		{400FCD14-90D4-4AC1-B994-03355512AF0F}.Release|Any CPU.ActiveCfg = Release|Any CPU
		{400FCD14-90D4-4AC1-B994-03355512AF0F}.Release|Any CPU.Build.0 = Release|Any CPU
		{400FCD14-90D4-4AC1-B994-03355512AF0F}.Release|x64.ActiveCfg = Release|Any CPU
		{400FCD14-90D4-4AC1-B994-03355512AF0F}.Release|x64.Build.0 = Release|Any CPU
		{400FCD14-90D4-4AC1-B994-03355512AF0F}.Release|x86.ActiveCfg = Release|Any CPU
		{400FCD14-90D4-4AC1-B994-03355512AF0F}.Release|x86.Build.0 = Release|Any CPU
		{92DF7FFF-8802-40EC-B71C-979EA89D7961}.Debug|Any CPU.ActiveCfg = Debug|Any CPU
		{92DF7FFF-8802-40EC-B71C-979EA89D7961}.Debug|Any CPU.Build.0 = Debug|Any CPU
		{92DF7FFF-8802-40EC-B71C-979EA89D7961}.Debug|x64.ActiveCfg = Debug|Any CPU
		{92DF7FFF-8802-40EC-B71C-979EA89D7961}.Debug|x64.Build.0 = Debug|Any CPU
		{92DF7FFF-8802-40EC-B71C-979EA89D7961}.Debug|x86.ActiveCfg = Debug|Any CPU
		{92DF7FFF-8802-40EC-B71C-979EA89D7961}.Debug|x86.Build.0 = Debug|Any CPU
		{92DF7FFF-8802-40EC-B71C-979EA89D7961}.Release|Any CPU.ActiveCfg = Release|Any CPU
		{92DF7FFF-8802-40EC-B71C-979EA89D7961}.Release|Any CPU.Build.0 = Release|Any CPU
		{92DF7FFF-8802-40EC-B71C-979EA89D7961}.Release|x64.ActiveCfg = Release|Any CPU
		{92DF7FFF-8802-40EC-B71C-979EA89D7961}.Release|x64.Build.0 = Release|Any CPU
		{92DF7FFF-8802-40EC-B71C-979EA89D7961}.Release|x86.ActiveCfg = Release|Any CPU
		{92DF7FFF-8802-40EC-B71C-979EA89D7961}.Release|x86.Build.0 = Release|Any CPU
		{9A646A85-4340-4AC2-BB11-443115E90299}.Debug|Any CPU.ActiveCfg = Debug|Any CPU
		{9A646A85-4340-4AC2-BB11-443115E90299}.Debug|Any CPU.Build.0 = Debug|Any CPU
		{9A646A85-4340-4AC2-BB11-443115E90299}.Debug|x64.ActiveCfg = Debug|Any CPU
		{9A646A85-4340-4AC2-BB11-443115E90299}.Debug|x64.Build.0 = Debug|Any CPU
		{9A646A85-4340-4AC2-BB11-443115E90299}.Debug|x86.ActiveCfg = Debug|Any CPU
		{9A646A85-4340-4AC2-BB11-443115E90299}.Debug|x86.Build.0 = Debug|Any CPU
		{9A646A85-4340-4AC2-BB11-443115E90299}.Release|Any CPU.ActiveCfg = Release|Any CPU
		{9A646A85-4340-4AC2-BB11-443115E90299}.Release|Any CPU.Build.0 = Release|Any CPU
		{9A646A85-4340-4AC2-BB11-443115E90299}.Release|x64.ActiveCfg = Release|Any CPU
		{9A646A85-4340-4AC2-BB11-443115E90299}.Release|x64.Build.0 = Release|Any CPU
		{9A646A85-4340-4AC2-BB11-443115E90299}.Release|x86.ActiveCfg = Release|Any CPU
		{9A646A85-4340-4AC2-BB11-443115E90299}.Release|x86.Build.0 = Release|Any CPU
		{94E4A23C-5010-4136-A150-E99A45AC958F}.Debug|Any CPU.ActiveCfg = Debug|Any CPU
		{94E4A23C-5010-4136-A150-E99A45AC958F}.Debug|Any CPU.Build.0 = Debug|Any CPU
		{94E4A23C-5010-4136-A150-E99A45AC958F}.Debug|x64.ActiveCfg = Debug|Any CPU
		{94E4A23C-5010-4136-A150-E99A45AC958F}.Debug|x64.Build.0 = Debug|Any CPU
		{94E4A23C-5010-4136-A150-E99A45AC958F}.Debug|x86.ActiveCfg = Debug|Any CPU
		{94E4A23C-5010-4136-A150-E99A45AC958F}.Debug|x86.Build.0 = Debug|Any CPU
		{94E4A23C-5010-4136-A150-E99A45AC958F}.Release|Any CPU.ActiveCfg = Release|Any CPU
		{94E4A23C-5010-4136-A150-E99A45AC958F}.Release|Any CPU.Build.0 = Release|Any CPU
		{94E4A23C-5010-4136-A150-E99A45AC958F}.Release|x64.ActiveCfg = Release|Any CPU
		{94E4A23C-5010-4136-A150-E99A45AC958F}.Release|x64.Build.0 = Release|Any CPU
		{94E4A23C-5010-4136-A150-E99A45AC958F}.Release|x86.ActiveCfg = Release|Any CPU
		{94E4A23C-5010-4136-A150-E99A45AC958F}.Release|x86.Build.0 = Release|Any CPU
		{5C6FDD8C-B500-4AD0-8E46-19E30C687948}.Debug|Any CPU.ActiveCfg = Debug|Any CPU
		{5C6FDD8C-B500-4AD0-8E46-19E30C687948}.Debug|Any CPU.Build.0 = Debug|Any CPU
		{5C6FDD8C-B500-4AD0-8E46-19E30C687948}.Debug|x64.ActiveCfg = Debug|Any CPU
		{5C6FDD8C-B500-4AD0-8E46-19E30C687948}.Debug|x64.Build.0 = Debug|Any CPU
		{5C6FDD8C-B500-4AD0-8E46-19E30C687948}.Debug|x86.ActiveCfg = Debug|Any CPU
		{5C6FDD8C-B500-4AD0-8E46-19E30C687948}.Debug|x86.Build.0 = Debug|Any CPU
		{5C6FDD8C-B500-4AD0-8E46-19E30C687948}.Release|Any CPU.ActiveCfg = Release|Any CPU
		{5C6FDD8C-B500-4AD0-8E46-19E30C687948}.Release|Any CPU.Build.0 = Release|Any CPU
		{5C6FDD8C-B500-4AD0-8E46-19E30C687948}.Release|x64.ActiveCfg = Release|Any CPU
		{5C6FDD8C-B500-4AD0-8E46-19E30C687948}.Release|x64.Build.0 = Release|Any CPU
		{5C6FDD8C-B500-4AD0-8E46-19E30C687948}.Release|x86.ActiveCfg = Release|Any CPU
		{5C6FDD8C-B500-4AD0-8E46-19E30C687948}.Release|x86.Build.0 = Release|Any CPU
		{4E0E10B3-2A50-49B8-A9EA-BEC4EBAB9E09}.Debug|Any CPU.ActiveCfg = Debug|Any CPU
		{4E0E10B3-2A50-49B8-A9EA-BEC4EBAB9E09}.Debug|Any CPU.Build.0 = Debug|Any CPU
		{4E0E10B3-2A50-49B8-A9EA-BEC4EBAB9E09}.Debug|x64.ActiveCfg = Debug|Any CPU
		{4E0E10B3-2A50-49B8-A9EA-BEC4EBAB9E09}.Debug|x64.Build.0 = Debug|Any CPU
		{4E0E10B3-2A50-49B8-A9EA-BEC4EBAB9E09}.Debug|x86.ActiveCfg = Debug|Any CPU
		{4E0E10B3-2A50-49B8-A9EA-BEC4EBAB9E09}.Debug|x86.Build.0 = Debug|Any CPU
		{4E0E10B3-2A50-49B8-A9EA-BEC4EBAB9E09}.Release|Any CPU.ActiveCfg = Release|Any CPU
		{4E0E10B3-2A50-49B8-A9EA-BEC4EBAB9E09}.Release|Any CPU.Build.0 = Release|Any CPU
		{4E0E10B3-2A50-49B8-A9EA-BEC4EBAB9E09}.Release|x64.ActiveCfg = Release|Any CPU
		{4E0E10B3-2A50-49B8-A9EA-BEC4EBAB9E09}.Release|x64.Build.0 = Release|Any CPU
		{4E0E10B3-2A50-49B8-A9EA-BEC4EBAB9E09}.Release|x86.ActiveCfg = Release|Any CPU
		{4E0E10B3-2A50-49B8-A9EA-BEC4EBAB9E09}.Release|x86.Build.0 = Release|Any CPU
		{3CB52785-564C-49E3-B797-CA2748D9E83F}.Debug|Any CPU.ActiveCfg = Debug|Any CPU
		{3CB52785-564C-49E3-B797-CA2748D9E83F}.Debug|Any CPU.Build.0 = Debug|Any CPU
		{3CB52785-564C-49E3-B797-CA2748D9E83F}.Debug|x64.ActiveCfg = Debug|Any CPU
		{3CB52785-564C-49E3-B797-CA2748D9E83F}.Debug|x64.Build.0 = Debug|Any CPU
		{3CB52785-564C-49E3-B797-CA2748D9E83F}.Debug|x86.ActiveCfg = Debug|Any CPU
		{3CB52785-564C-49E3-B797-CA2748D9E83F}.Debug|x86.Build.0 = Debug|Any CPU
		{3CB52785-564C-49E3-B797-CA2748D9E83F}.Release|Any CPU.ActiveCfg = Release|Any CPU
		{3CB52785-564C-49E3-B797-CA2748D9E83F}.Release|Any CPU.Build.0 = Release|Any CPU
		{3CB52785-564C-49E3-B797-CA2748D9E83F}.Release|x64.ActiveCfg = Release|Any CPU
		{3CB52785-564C-49E3-B797-CA2748D9E83F}.Release|x64.Build.0 = Release|Any CPU
		{3CB52785-564C-49E3-B797-CA2748D9E83F}.Release|x86.ActiveCfg = Release|Any CPU
		{3CB52785-564C-49E3-B797-CA2748D9E83F}.Release|x86.Build.0 = Release|Any CPU
		{98DF960C-7C58-4AD7-86A8-A12779A74847}.Debug|Any CPU.ActiveCfg = Debug|Any CPU
		{98DF960C-7C58-4AD7-86A8-A12779A74847}.Debug|Any CPU.Build.0 = Debug|Any CPU
		{98DF960C-7C58-4AD7-86A8-A12779A74847}.Debug|x64.ActiveCfg = Debug|Any CPU
		{98DF960C-7C58-4AD7-86A8-A12779A74847}.Debug|x64.Build.0 = Debug|Any CPU
		{98DF960C-7C58-4AD7-86A8-A12779A74847}.Debug|x86.ActiveCfg = Debug|Any CPU
		{98DF960C-7C58-4AD7-86A8-A12779A74847}.Debug|x86.Build.0 = Debug|Any CPU
		{98DF960C-7C58-4AD7-86A8-A12779A74847}.Release|Any CPU.ActiveCfg = Release|Any CPU
		{98DF960C-7C58-4AD7-86A8-A12779A74847}.Release|Any CPU.Build.0 = Release|Any CPU
		{98DF960C-7C58-4AD7-86A8-A12779A74847}.Release|x64.ActiveCfg = Release|Any CPU
		{98DF960C-7C58-4AD7-86A8-A12779A74847}.Release|x64.Build.0 = Release|Any CPU
		{98DF960C-7C58-4AD7-86A8-A12779A74847}.Release|x86.ActiveCfg = Release|Any CPU
		{98DF960C-7C58-4AD7-86A8-A12779A74847}.Release|x86.Build.0 = Release|Any CPU
		{86D2C576-B891-4A50-8B97-C8CD69808F30}.Debug|Any CPU.ActiveCfg = Debug|Any CPU
		{86D2C576-B891-4A50-8B97-C8CD69808F30}.Debug|Any CPU.Build.0 = Debug|Any CPU
		{86D2C576-B891-4A50-8B97-C8CD69808F30}.Debug|x64.ActiveCfg = Debug|Any CPU
		{86D2C576-B891-4A50-8B97-C8CD69808F30}.Debug|x64.Build.0 = Debug|Any CPU
		{86D2C576-B891-4A50-8B97-C8CD69808F30}.Debug|x86.ActiveCfg = Debug|Any CPU
		{86D2C576-B891-4A50-8B97-C8CD69808F30}.Debug|x86.Build.0 = Debug|Any CPU
		{86D2C576-B891-4A50-8B97-C8CD69808F30}.Release|Any CPU.ActiveCfg = Release|Any CPU
		{86D2C576-B891-4A50-8B97-C8CD69808F30}.Release|Any CPU.Build.0 = Release|Any CPU
		{86D2C576-B891-4A50-8B97-C8CD69808F30}.Release|x64.ActiveCfg = Release|Any CPU
		{86D2C576-B891-4A50-8B97-C8CD69808F30}.Release|x64.Build.0 = Release|Any CPU
		{86D2C576-B891-4A50-8B97-C8CD69808F30}.Release|x86.ActiveCfg = Release|Any CPU
		{86D2C576-B891-4A50-8B97-C8CD69808F30}.Release|x86.Build.0 = Release|Any CPU
		{13F7E466-FB98-4ED7-BEE5-4779DDA83E4A}.Debug|Any CPU.ActiveCfg = Debug|Any CPU
		{13F7E466-FB98-4ED7-BEE5-4779DDA83E4A}.Debug|Any CPU.Build.0 = Debug|Any CPU
		{13F7E466-FB98-4ED7-BEE5-4779DDA83E4A}.Debug|x64.ActiveCfg = Debug|Any CPU
		{13F7E466-FB98-4ED7-BEE5-4779DDA83E4A}.Debug|x64.Build.0 = Debug|Any CPU
		{13F7E466-FB98-4ED7-BEE5-4779DDA83E4A}.Debug|x86.ActiveCfg = Debug|Any CPU
		{13F7E466-FB98-4ED7-BEE5-4779DDA83E4A}.Debug|x86.Build.0 = Debug|Any CPU
		{13F7E466-FB98-4ED7-BEE5-4779DDA83E4A}.Release|Any CPU.ActiveCfg = Release|Any CPU
		{13F7E466-FB98-4ED7-BEE5-4779DDA83E4A}.Release|Any CPU.Build.0 = Release|Any CPU
		{13F7E466-FB98-4ED7-BEE5-4779DDA83E4A}.Release|x64.ActiveCfg = Release|Any CPU
		{13F7E466-FB98-4ED7-BEE5-4779DDA83E4A}.Release|x64.Build.0 = Release|Any CPU
		{13F7E466-FB98-4ED7-BEE5-4779DDA83E4A}.Release|x86.ActiveCfg = Release|Any CPU
		{13F7E466-FB98-4ED7-BEE5-4779DDA83E4A}.Release|x86.Build.0 = Release|Any CPU
		{85C4900D-22B3-4BF8-A651-6BFF100B7364}.Debug|Any CPU.ActiveCfg = Debug|Any CPU
		{85C4900D-22B3-4BF8-A651-6BFF100B7364}.Debug|Any CPU.Build.0 = Debug|Any CPU
		{85C4900D-22B3-4BF8-A651-6BFF100B7364}.Debug|x64.ActiveCfg = Debug|Any CPU
		{85C4900D-22B3-4BF8-A651-6BFF100B7364}.Debug|x64.Build.0 = Debug|Any CPU
		{85C4900D-22B3-4BF8-A651-6BFF100B7364}.Debug|x86.ActiveCfg = Debug|Any CPU
		{85C4900D-22B3-4BF8-A651-6BFF100B7364}.Debug|x86.Build.0 = Debug|Any CPU
		{85C4900D-22B3-4BF8-A651-6BFF100B7364}.Release|Any CPU.ActiveCfg = Release|Any CPU
		{85C4900D-22B3-4BF8-A651-6BFF100B7364}.Release|Any CPU.Build.0 = Release|Any CPU
		{85C4900D-22B3-4BF8-A651-6BFF100B7364}.Release|x64.ActiveCfg = Release|Any CPU
		{85C4900D-22B3-4BF8-A651-6BFF100B7364}.Release|x64.Build.0 = Release|Any CPU
		{85C4900D-22B3-4BF8-A651-6BFF100B7364}.Release|x86.ActiveCfg = Release|Any CPU
		{85C4900D-22B3-4BF8-A651-6BFF100B7364}.Release|x86.Build.0 = Release|Any CPU
	EndGlobalSection
	GlobalSection(SolutionProperties) = preSolution
		HideSolutionNode = FALSE
	EndGlobalSection
	GlobalSection(NestedProjects) = preSolution
		{21753738-CDBF-4BCB-BE60-7AC685751159} = {ABECD63C-B010-45D6-BB66-3DA829937060}
		{40DF0E5A-3D59-446C-BAAB-27F7AE47F7F8} = {ABECD63C-B010-45D6-BB66-3DA829937060}
		{400FCD14-90D4-4AC1-B994-03355512AF0F} = {ABECD63C-B010-45D6-BB66-3DA829937060}
		{92DF7FFF-8802-40EC-B71C-979EA89D7961} = {ABECD63C-B010-45D6-BB66-3DA829937060}
		{9A646A85-4340-4AC2-BB11-443115E90299} = {ABECD63C-B010-45D6-BB66-3DA829937060}
		{94E4A23C-5010-4136-A150-E99A45AC958F} = {ABECD63C-B010-45D6-BB66-3DA829937060}
		{5C6FDD8C-B500-4AD0-8E46-19E30C687948} = {ABECD63C-B010-45D6-BB66-3DA829937060}
		{4E0E10B3-2A50-49B8-A9EA-BEC4EBAB9E09} = {ABECD63C-B010-45D6-BB66-3DA829937060}
		{3CB52785-564C-49E3-B797-CA2748D9E83F} = {ABECD63C-B010-45D6-BB66-3DA829937060}
		{98DF960C-7C58-4AD7-86A8-A12779A74847} = {ABECD63C-B010-45D6-BB66-3DA829937060}
		{86D2C576-B891-4A50-8B97-C8CD69808F30} = {ABECD63C-B010-45D6-BB66-3DA829937060}
		{13F7E466-FB98-4ED7-BEE5-4779DDA83E4A} = {ABECD63C-B010-45D6-BB66-3DA829937060}
		{85C4900D-22B3-4BF8-A651-6BFF100B7364} = {ABECD63C-B010-45D6-BB66-3DA829937060}
	EndGlobalSection
	GlobalSection(ExtensibilityGlobals) = postSolution
		SolutionGuid = {35A56F99-6CFB-40C5-A2F0-9F9CFEF94DFC}
	EndGlobalSection
EndGlobal
